PODS:
  - Starscream (3.0.6)
  - SwiftCentrifuge (0.0.2):
    - Starscream
    - SwiftProtobuf
  - SwiftProtobuf (1.3.1)

DEPENDENCIES:
  - SwiftCentrifuge (from `../`)

SPEC REPOS:
  https://github.com/CocoaPods/Specs.git:
    - Starscream
    - SwiftProtobuf

EXTERNAL SOURCES:
  SwiftCentrifuge:
    :path: "../"

SPEC CHECKSUMS:
  Starscream: ef3ece99d765eeccb67de105bfa143f929026cf5
  SwiftCentrifuge: 70c7cdbc5f8db0a79f94ebb258b7a348722edd28
  SwiftProtobuf: 84cd6b8f4fd2fc3d9fbd80a0aaf2e957d52824ec

PODFILE CHECKSUM: 14c0e45d164d9e06b96d5a0721f6676dfa111ac9

COCOAPODS: 1.8.4
