{
  "object": {
    "pins": [
      {
        "package": "Starscream",
        "repositoryURL": "https://github.com/daltoniam/Starscream.git",
        "state": {
          "branch": null,
          "revision": "ebdc260ea64e68f7569c62e8744b5cd15d3a49d6",
          "version": "3.0.6"
        }
      },
      {
        "package": "SwiftProtobuf",
        "repositoryURL": "https://github.com/apple/swift-protobuf.git",
        "state": {
          "branch": null,
          "revision": "ab98c52b5166593ad1ae0df246463266df151cfa",
          "version": "1.3.1"
        }
      }
    ]
  },
  "version": 1
}
