PODS:
  - Starscream (3.0.6)
  - SwiftProtobuf (1.3.1)

DEPENDENCIES:
  - Starscream
  - SwiftProtobuf

SPEC REPOS:
  https://github.com/cocoapods/specs.git:
    - Starscream
    - SwiftProtobuf

SPEC CHECKSUMS:
  Starscream: ef3ece99d765eeccb67de105bfa143f929026cf5
  SwiftProtobuf: 84cd6b8f4fd2fc3d9fbd80a0aaf2e957d52824ec

PODFILE CHECKSUM: 8a4159f8ff6aa03d88aacb6426fdcb1d5a5b519b

COCOAPODS: 1.5.3
